
Microsoft Visual Studio Solution File, Format Version 12.00
# Visual Studio Version 16
VisualStudioVersion = 16.0.29613.14
MinimumVisualStudioVersion = 10.0.40219.1
Project("{9A19103F-16F7-4668-BE54-9A1E7A4F7556}") = "SmartApartmentApi", "SmartApartmentApi\SmartApartmentApi.csproj", "{B2240F2D-EA2B-440C-97ED-1E11AF18FB97}"
EndProject
Project("{9A19103F-16F7-4668-BE54-9A1E7A4F7556}") = "SmartApartmentUnitTests", "SmartApartmentUnitTests\SmartApartmentUnitTests.csproj", "{D0421E3B-9FED-4A2F-86DE-99C7E325A509}"
EndProject
Project("{2150E333-8FDC-42A3-9474-1A3956D46DE8}") = "Tests", "Tests", "{658EE628-48DF-4274-B16B-43942E577425}"
EndProject
Project("{2150E333-8FDC-42A3-9474-1A3956D46DE8}") = "Implementations", "Implementations", "{C3DD5DCF-31E7-4873-B680-088A1CFEC0C4}"
EndProject
Project("{2150E333-8FDC-42A3-9474-1A3956D46DE8}") = "APIs", "APIs", "{9270331E-4FC9-4EAA-8BD0-6F3788F0746B}"
EndProject
Project("{9A19103F-16F7-4668-BE54-9A1E7A4F7556}") = "Abstraction", "Abstraction\Abstraction.csproj", "{8B0CB46C-6289-4EE6-9B3C-C20FE0CE3AAE}"
EndProject
Project("{9A19103F-16F7-4668-BE54-9A1E7A4F7556}") = "Auth0", "OAuthService\Auth0.csproj", "{692C66B4-DF35-4237-BBB7-2B9AEF9A4348}"
EndProject
Project("{9A19103F-16F7-4668-BE54-9A1E7A4F7556}") = "RepositoryServices", "RepositoryServices\RepositoryServices.csproj", "{98BD868E-C0B1-4EE4-A3F4-7BFEC86E13C6}"
EndProject
Project("{9A19103F-16F7-4668-BE54-9A1E7A4F7556}") = "ApiServices", "GatewayServices\ApiServices.csproj", "{F18690E5-5B82-43F8-93A7-21C6D4288B55}"
EndProject
Project("{2150E333-8FDC-42A3-9474-1A3956D46DE8}") = "Abstractions", "Abstractions", "{9C57C826-55BF-4F77-9D07-5063E9473F05}"
EndProject
Project("{9A19103F-16F7-4668-BE54-9A1E7A4F7556}") = "ResponseModel", "ResponseModel\ResponseModel.csproj", "{FC3C9763-3243-4029-97C4-6239FC9E32E4}"
EndProject
Project("{2150E333-8FDC-42A3-9474-1A3956D46DE8}") = "Model", "Model", "{513E38A4-9203-4F3F-82E0-6AD6CCF4E2A6}"
EndProject
Project("{FAE04EC0-301F-11D3-BF4B-00C04F79EFBC}") = "RequestModel", "RequestModel\RequestModel.csproj", "{5D903D15-511C-40E2-B28F-6CB743268CD3}"
EndProject
Project("{FAE04EC0-301F-11D3-BF4B-00C04F79EFBC}") = "Loggers", "Loggers\Loggers.csproj", "{C660D347-B402-49B8-A0CE-5654A34F6F40}"
EndProject
Project("{FAE04EC0-301F-11D3-BF4B-00C04F79EFBC}") = "Domain", "RepositoryEntities\Domain.csproj", "{A103D186-31C8-4A75-9E0B-1D4DF5870ACD}"
EndProject
Project("{FAE04EC0-301F-11D3-BF4B-00C04F79EFBC}") = "UnitsOfWork", "UnitsOfWork\UnitsOfWork.csproj", "{41203267-0429-4875-8B40-9E59C3CB0C56}"
EndProject
Global
	GlobalSection(SolutionConfigurationPlatforms) = preSolution
		Debug|Any CPU = Debug|Any CPU
		Release|Any CPU = Release|Any CPU
	EndGlobalSection
	GlobalSection(ProjectConfigurationPlatforms) = postSolution
		{B2240F2D-EA2B-440C-97ED-1E11AF18FB97}.Debug|Any CPU.ActiveCfg = Debug|Any CPU
		{B2240F2D-EA2B-440C-97ED-1E11AF18FB97}.Debug|Any CPU.Build.0 = Debug|Any CPU
		{B2240F2D-EA2B-440C-97ED-1E11AF18FB97}.Release|Any CPU.ActiveCfg = Release|Any CPU
		{B2240F2D-EA2B-440C-97ED-1E11AF18FB97}.Release|Any CPU.Build.0 = Release|Any CPU
		{D0421E3B-9FED-4A2F-86DE-99C7E325A509}.Debug|Any CPU.ActiveCfg = Debug|Any CPU
		{D0421E3B-9FED-4A2F-86DE-99C7E325A509}.Debug|Any CPU.Build.0 = Debug|Any CPU
		{D0421E3B-9FED-4A2F-86DE-99C7E325A509}.Release|Any CPU.ActiveCfg = Release|Any CPU
		{D0421E3B-9FED-4A2F-86DE-99C7E325A509}.Release|Any CPU.Build.0 = Release|Any CPU
		{8B0CB46C-6289-4EE6-9B3C-C20FE0CE3AAE}.Debug|Any CPU.ActiveCfg = Debug|Any CPU
		{8B0CB46C-6289-4EE6-9B3C-C20FE0CE3AAE}.Debug|Any CPU.Build.0 = Debug|Any CPU
		{8B0CB46C-6289-4EE6-9B3C-C20FE0CE3AAE}.Release|Any CPU.ActiveCfg = Release|Any CPU
		{8B0CB46C-6289-4EE6-9B3C-C20FE0CE3AAE}.Release|Any CPU.Build.0 = Release|Any CPU
		{692C66B4-DF35-4237-BBB7-2B9AEF9A4348}.Debug|Any CPU.ActiveCfg = Debug|Any CPU
		{692C66B4-DF35-4237-BBB7-2B9AEF9A4348}.Debug|Any CPU.Build.0 = Debug|Any CPU
		{692C66B4-DF35-4237-BBB7-2B9AEF9A4348}.Release|Any CPU.ActiveCfg = Release|Any CPU
		{692C66B4-DF35-4237-BBB7-2B9AEF9A4348}.Release|Any CPU.Build.0 = Release|Any CPU
		{98BD868E-C0B1-4EE4-A3F4-7BFEC86E13C6}.Debug|Any CPU.ActiveCfg = Debug|Any CPU
		{98BD868E-C0B1-4EE4-A3F4-7BFEC86E13C6}.Debug|Any CPU.Build.0 = Debug|Any CPU
		{98BD868E-C0B1-4EE4-A3F4-7BFEC86E13C6}.Release|Any CPU.ActiveCfg = Release|Any CPU
		{98BD868E-C0B1-4EE4-A3F4-7BFEC86E13C6}.Release|Any CPU.Build.0 = Release|Any CPU
		{F18690E5-5B82-43F8-93A7-21C6D4288B55}.Debug|Any CPU.ActiveCfg = Debug|Any CPU
		{F18690E5-5B82-43F8-93A7-21C6D4288B55}.Debug|Any CPU.Build.0 = Debug|Any CPU
		{F18690E5-5B82-43F8-93A7-21C6D4288B55}.Release|Any CPU.ActiveCfg = Release|Any CPU
		{F18690E5-5B82-43F8-93A7-21C6D4288B55}.Release|Any CPU.Build.0 = Release|Any CPU
		{FC3C9763-3243-4029-97C4-6239FC9E32E4}.Debug|Any CPU.ActiveCfg = Debug|Any CPU
		{FC3C9763-3243-4029-97C4-6239FC9E32E4}.Debug|Any CPU.Build.0 = Debug|Any CPU
		{FC3C9763-3243-4029-97C4-6239FC9E32E4}.Release|Any CPU.ActiveCfg = Release|Any CPU
		{FC3C9763-3243-4029-97C4-6239FC9E32E4}.Release|Any CPU.Build.0 = Release|Any CPU
		{5D903D15-511C-40E2-B28F-6CB743268CD3}.Debug|Any CPU.ActiveCfg = Debug|Any CPU
		{5D903D15-511C-40E2-B28F-6CB743268CD3}.Debug|Any CPU.Build.0 = Debug|Any CPU
		{5D903D15-511C-40E2-B28F-6CB743268CD3}.Release|Any CPU.ActiveCfg = Release|Any CPU
		{5D903D15-511C-40E2-B28F-6CB743268CD3}.Release|Any CPU.Build.0 = Release|Any CPU
		{C660D347-B402-49B8-A0CE-5654A34F6F40}.Debug|Any CPU.ActiveCfg = Debug|Any CPU
		{C660D347-B402-49B8-A0CE-5654A34F6F40}.Debug|Any CPU.Build.0 = Debug|Any CPU
		{C660D347-B402-49B8-A0CE-5654A34F6F40}.Release|Any CPU.ActiveCfg = Release|Any CPU
		{C660D347-B402-49B8-A0CE-5654A34F6F40}.Release|Any CPU.Build.0 = Release|Any CPU
		{A103D186-31C8-4A75-9E0B-1D4DF5870ACD}.Debug|Any CPU.ActiveCfg = Debug|Any CPU
		{A103D186-31C8-4A75-9E0B-1D4DF5870ACD}.Debug|Any CPU.Build.0 = Debug|Any CPU
		{A103D186-31C8-4A75-9E0B-1D4DF5870ACD}.Release|Any CPU.ActiveCfg = Release|Any CPU
		{A103D186-31C8-4A75-9E0B-1D4DF5870ACD}.Release|Any CPU.Build.0 = Release|Any CPU
		{41203267-0429-4875-8B40-9E59C3CB0C56}.Debug|Any CPU.ActiveCfg = Debug|Any CPU
		{41203267-0429-4875-8B40-9E59C3CB0C56}.Debug|Any CPU.Build.0 = Debug|Any CPU
		{41203267-0429-4875-8B40-9E59C3CB0C56}.Release|Any CPU.ActiveCfg = Release|Any CPU
		{41203267-0429-4875-8B40-9E59C3CB0C56}.Release|Any CPU.Build.0 = Release|Any CPU
	EndGlobalSection
	GlobalSection(SolutionProperties) = preSolution
		HideSolutionNode = FALSE
	EndGlobalSection
	GlobalSection(NestedProjects) = preSolution
		{B2240F2D-EA2B-440C-97ED-1E11AF18FB97} = {9270331E-4FC9-4EAA-8BD0-6F3788F0746B}
		{D0421E3B-9FED-4A2F-86DE-99C7E325A509} = {658EE628-48DF-4274-B16B-43942E577425}
		{8B0CB46C-6289-4EE6-9B3C-C20FE0CE3AAE} = {9C57C826-55BF-4F77-9D07-5063E9473F05}
		{692C66B4-DF35-4237-BBB7-2B9AEF9A4348} = {C3DD5DCF-31E7-4873-B680-088A1CFEC0C4}
		{98BD868E-C0B1-4EE4-A3F4-7BFEC86E13C6} = {C3DD5DCF-31E7-4873-B680-088A1CFEC0C4}
		{F18690E5-5B82-43F8-93A7-21C6D4288B55} = {C3DD5DCF-31E7-4873-B680-088A1CFEC0C4}
		{FC3C9763-3243-4029-97C4-6239FC9E32E4} = {513E38A4-9203-4F3F-82E0-6AD6CCF4E2A6}
		{5D903D15-511C-40E2-B28F-6CB743268CD3} = {513E38A4-9203-4F3F-82E0-6AD6CCF4E2A6}
		{C660D347-B402-49B8-A0CE-5654A34F6F40} = {C3DD5DCF-31E7-4873-B680-088A1CFEC0C4}
		{A103D186-31C8-4A75-9E0B-1D4DF5870ACD} = {513E38A4-9203-4F3F-82E0-6AD6CCF4E2A6}
		{41203267-0429-4875-8B40-9E59C3CB0C56} = {C3DD5DCF-31E7-4873-B680-088A1CFEC0C4}
	EndGlobalSection
	GlobalSection(ExtensibilityGlobals) = postSolution
		SolutionGuid = {F7FD939A-0279-465F-9E0E-1A0B2E90B733}
	EndGlobalSection
EndGlobal
